
Microsoft Visual Studio Solution File, Format Version 12.00
# Visual Studio Version 16
VisualStudioVersion = 16.0.31702.278
MinimumVisualStudioVersion = 10.0.40219.1
Project("{2150E333-8FDC-42A3-9474-1A3956D46DE8}") = "Solution Items", "Solution Items", "{33EAD7D4-C6E0-4F81-B497-4236651194E2}"
	ProjectSection(SolutionItems) = preProject
		.gitignore = .gitignore
		README.md = README.md
	EndProjectSection
EndProject
Project("{9A19103F-16F7-4668-BE54-9A1E7A4F7556}") = "MissionBirthday.Api", "MissionBirthday.Api\MissionBirthday.Api.csproj", "{022C93D5-A86D-4A2A-834A-5E54889BC6E8}"
EndProject
Project("{FAE04EC0-301F-11D3-BF4B-00C04F79EFBC}") = "MissionBirthday.Contracts", "MissionBirthday.Contracts\MissionBirthday.Contracts.csproj", "{F5369AAC-7964-4AFC-BA01-3344A828A005}"
EndProject
Project("{FAE04EC0-301F-11D3-BF4B-00C04F79EFBC}") = "MissionBirthday.Logic", "MissionBirthday.Logic\MissionBirthday.Logic.csproj", "{C8D4BAFB-D8A9-4396-ADCF-8A59D20C7777}"
EndProject
Project("{FAE04EC0-301F-11D3-BF4B-00C04F79EFBC}") = "MissionBirthday.Persistence", "MissionBirthday.Persistence\MissionBirthday.Persistence.csproj", "{F23AD8D9-178D-4326-93CD-229E2ACB1CF7}"
EndProject
Project("{9A19103F-16F7-4668-BE54-9A1E7A4F7556}") = "MissionBirthday.TestConsole", "MissionBirthday.TestConsole\MissionBirthday.TestConsole.csproj", "{AC12F438-82AB-445F-BDBD-36CA86663D1A}"
EndProject
Global
	GlobalSection(SolutionConfigurationPlatforms) = preSolution
		Debug|Any CPU = Debug|Any CPU
		Release|Any CPU = Release|Any CPU
	EndGlobalSection
	GlobalSection(ProjectConfigurationPlatforms) = postSolution
		{AC12F438-82AB-445F-BDBD-36CA86663D1A}.Debug|Any CPU.ActiveCfg = Debug|Any CPU
		{AC12F438-82AB-445F-BDBD-36CA86663D1A}.Debug|Any CPU.Build.0 = Debug|Any CPU
		{AC12F438-82AB-445F-BDBD-36CA86663D1A}.Release|Any CPU.ActiveCfg = Release|Any CPU
		{AC12F438-82AB-445F-BDBD-36CA86663D1A}.Release|Any CPU.Build.0 = Release|Any CPU
		{022C93D5-A86D-4A2A-834A-5E54889BC6E8}.Debug|Any CPU.ActiveCfg = Debug|Any CPU
		{022C93D5-A86D-4A2A-834A-5E54889BC6E8}.Debug|Any CPU.Build.0 = Debug|Any CPU
		{022C93D5-A86D-4A2A-834A-5E54889BC6E8}.Release|Any CPU.ActiveCfg = Release|Any CPU
		{022C93D5-A86D-4A2A-834A-5E54889BC6E8}.Release|Any CPU.Build.0 = Release|Any CPU
		{F5369AAC-7964-4AFC-BA01-3344A828A005}.Debug|Any CPU.ActiveCfg = Debug|Any CPU
		{F5369AAC-7964-4AFC-BA01-3344A828A005}.Debug|Any CPU.Build.0 = Debug|Any CPU
		{F5369AAC-7964-4AFC-BA01-3344A828A005}.Release|Any CPU.ActiveCfg = Release|Any CPU
		{F5369AAC-7964-4AFC-BA01-3344A828A005}.Release|Any CPU.Build.0 = Release|Any CPU
		{C8D4BAFB-D8A9-4396-ADCF-8A59D20C7777}.Debug|Any CPU.ActiveCfg = Debug|Any CPU
		{C8D4BAFB-D8A9-4396-ADCF-8A59D20C7777}.Debug|Any CPU.Build.0 = Debug|Any CPU
		{C8D4BAFB-D8A9-4396-ADCF-8A59D20C7777}.Release|Any CPU.ActiveCfg = Release|Any CPU
		{C8D4BAFB-D8A9-4396-ADCF-8A59D20C7777}.Release|Any CPU.Build.0 = Release|Any CPU
		{F23AD8D9-178D-4326-93CD-229E2ACB1CF7}.Debug|Any CPU.ActiveCfg = Debug|Any CPU
		{F23AD8D9-178D-4326-93CD-229E2ACB1CF7}.Debug|Any CPU.Build.0 = Debug|Any CPU
		{F23AD8D9-178D-4326-93CD-229E2ACB1CF7}.Release|Any CPU.ActiveCfg = Release|Any CPU
		{F23AD8D9-178D-4326-93CD-229E2ACB1CF7}.Release|Any CPU.Build.0 = Release|Any CPU
	EndGlobalSection
	GlobalSection(SolutionProperties) = preSolution
		HideSolutionNode = FALSE
	EndGlobalSection
	GlobalSection(ExtensibilityGlobals) = postSolution
		SolutionGuid = {3D250A6F-A46F-4724-A426-705B162DE65F}
	EndGlobalSection
EndGlobal
